
Microsoft Visual Studio Solution File, Format Version 12.00
# Visual Studio 2017
Project("{FAE04EC0-301F-11D3-BF4B-00C04F79EFBC}") = "hw-dotnet-core", "hw-dotnet-core\hw-dotnet-core.csproj", "{3DA297AD-D53D-4930-BEBC-1E07FCED3877}"
EndProject
Project("{FAE04EC0-301F-11D3-BF4B-00C04F79EFBC}") = "ParkingSimulator", "ParkingSimulator\ParkingSimulator.csproj", "{189BFA57-4849-4A23-A038-DCF8CCFF0768}"
EndProject
Global
	GlobalSection(SolutionConfigurationPlatforms) = preSolution
		Debug|Any CPU = Debug|Any CPU
		Release|Any CPU = Release|Any CPU
	EndGlobalSection
	GlobalSection(ProjectConfigurationPlatforms) = postSolution
		{3DA297AD-D53D-4930-BEBC-1E07FCED3877}.Debug|Any CPU.ActiveCfg = Debug|Any CPU
		{3DA297AD-D53D-4930-BEBC-1E07FCED3877}.Debug|Any CPU.Build.0 = Debug|Any CPU
		{3DA297AD-D53D-4930-BEBC-1E07FCED3877}.Release|Any CPU.ActiveCfg = Release|Any CPU
		{3DA297AD-D53D-4930-BEBC-1E07FCED3877}.Release|Any CPU.Build.0 = Release|Any CPU
		{189BFA57-4849-4A23-A038-DCF8CCFF0768}.Debug|Any CPU.ActiveCfg = Debug|Any CPU
		{189BFA57-4849-4A23-A038-DCF8CCFF0768}.Debug|Any CPU.Build.0 = Debug|Any CPU
		{189BFA57-4849-4A23-A038-DCF8CCFF0768}.Release|Any CPU.ActiveCfg = Release|Any CPU
		{189BFA57-4849-4A23-A038-DCF8CCFF0768}.Release|Any CPU.Build.0 = Release|Any CPU
	EndGlobalSection
EndGlobal
